
Microsoft Visual Studio Solution File, Format Version 12.00
# Visual Studio Version 16
VisualStudioVersion = 16.0.29613.14
MinimumVisualStudioVersion = 10.0.40219.1
Project("{FAE04EC0-301F-11D3-BF4B-00C04F79EFBC}") = "PackerGUI", "PackerGUI\PackerGUI.csproj", "{CCA1AFCC-BD7A-4D2B-AABD-72B445933F56}"
EndProject
Project("{FAE04EC0-301F-11D3-BF4B-00C04F79EFBC}") = "GNMFInterop", "GNMFInterop\GNMFInterop.csproj", "{9901CC98-6531-437B-931C-18626B575FFF}"
EndProject
Global
	GlobalSection(SolutionConfigurationPlatforms) = preSolution
		Debug|Any CPU = Debug|Any CPU
		Release|Any CPU = Release|Any CPU
	EndGlobalSection
	GlobalSection(ProjectConfigurationPlatforms) = postSolution
		{CCA1AFCC-BD7A-4D2B-AABD-72B445933F56}.Debug|Any CPU.ActiveCfg = Debug|Any CPU
		{CCA1AFCC-BD7A-4D2B-AABD-72B445933F56}.Debug|Any CPU.Build.0 = Debug|Any CPU
		{CCA1AFCC-BD7A-4D2B-AABD-72B445933F56}.Release|Any CPU.ActiveCfg = Release|Any CPU
		{CCA1AFCC-BD7A-4D2B-AABD-72B445933F56}.Release|Any CPU.Build.0 = Release|Any CPU
		{9901CC98-6531-437B-931C-18626B575FFF}.Debug|Any CPU.ActiveCfg = Debug|Any CPU
		{9901CC98-6531-437B-931C-18626B575FFF}.Debug|Any CPU.Build.0 = Debug|Any CPU
		{9901CC98-6531-437B-931C-18626B575FFF}.Release|Any CPU.ActiveCfg = Release|Any CPU
		{9901CC98-6531-437B-931C-18626B575FFF}.Release|Any CPU.Build.0 = Release|Any CPU
	EndGlobalSection
	GlobalSection(SolutionProperties) = preSolution
		HideSolutionNode = FALSE
	EndGlobalSection
	GlobalSection(ExtensibilityGlobals) = postSolution
		SolutionGuid = {F0E01B2E-B606-477A-9ABB-6B2AC89C8C0D}
	EndGlobalSection
EndGlobal
